// !$*UTF8*$!
{
	archiveVersion = 1;
	classes = {
	};
	objectVersion = 77;
	objects = {

/* Begin PBXBuildFile section */
		FA909DB32F3BB509007A6918 /* FirebaseAnalytics in Frameworks */ = {isa = PBXBuildFile; productRef = FA909DB22F3BB509007A6918 /* FirebaseAnalytics */; };
		FA909DB52F3BB509007A6918 /* FirebaseAnalyticsCore in Frameworks */ = {isa = PBXBuildFile; productRef = FA909DB42F3BB509007A6918 /* FirebaseAnalyticsCore */; };
		FA909DB72F3BB509007A6918 /* FirebaseAuth in Frameworks */ = {isa = PBXBuildFile; productRef = FA909DB62F3BB509007A6918 /* FirebaseAuth */; };
		FA909DB92F3BB509007A6918 /* FirebaseCore in Frameworks */ = {isa = PBXBuildFile; productRef = FA909DB82F3BB509007A6918 /* FirebaseCore */; };
		FA909DBB2F3BB509007A6918 /* FirebaseDatabase in Frameworks */ = {isa = PBXBuildFile; productRef = FA909DBA2F3BB509007A6918 /* FirebaseDatabase */; };
		FA909DBD2F3BB509007A6918 /* FirebaseFirestore in Frameworks */ = {isa = PBXBuildFile; productRef = FA909DBC2F3BB509007A6918 /* FirebaseFirestore */; };
		FA909DBF2F3BB509007A6918 /* FirebaseFunctions in Frameworks */ = {isa = PBXBuildFile; productRef = FA909DBE2F3BB509007A6918 /* FirebaseFunctions */; };
		FA909DC12F3BB509007A6918 /* FirebaseInAppMessaging-Beta in Frameworks */ = {isa = PBXBuildFile; productRef = FA909DC02F3BB509007A6918 /* FirebaseInAppMessaging-Beta */; };
		FA909DC32F3BB509007A6918 /* FirebaseInstallations in Frameworks */ = {isa = PBXBuildFile; productRef = FA909DC22F3BB509007A6918 /* FirebaseInstallations */; };
		FA909DC52F3BB509007A6918 /* FirebaseMessaging in Frameworks */ = {isa = PBXBuildFile; productRef = FA909DC42F3BB509007A6918 /* FirebaseMessaging */; };
		FA909DC72F3BB509007A6918 /* FirebaseStorage in Frameworks */ = {isa = PBXBuildFile; productRef = FA909DC62F3BB509007A6918 /* FirebaseStorage */; };
/* End PBXBuildFile section */

/* Begin PBXFileReference section */
		5F32C7C32F3B4BFD00CFF0AB /* ArabicStories.app */ = {isa = PBXFileReference; explicitFileType = wrapper.application; includeInIndex = 0; path = ArabicStories.app; sourceTree = BUILT_PRODUCTS_DIR; };
/* End PBXFileReference section */

/* Begin PBXFileSystemSynchronizedRootGroup section */
		5F32C7C52F3B4BFD00CFF0AB /* ArabicStories */ = {
			isa = PBXFileSystemSynchronizedRootGroup;
			path = ArabicStories;
			sourceTree = "<group>";
		};
/* End PBXFileSystemSynchronizedRootGroup section */

/* Begin PBXFrameworksBuildPhase section */
		5F32C7C02F3B4BFD00CFF0AB /* Frameworks */ = {
			isa = PBXFrameworksBuildPhase;
			buildActionMask = 2147483647;
			files = (
				FA909DBB2F3BB509007A6918 /* FirebaseDatabase in Frameworks */,
				FA909DBF2F3BB509007A6918 /* FirebaseFunctions in Frameworks */,
				FA909DC52F3BB509007A6918 /* FirebaseMessaging in Frameworks */,
				FA909DB32F3BB509007A6918 /* FirebaseAnalytics in Frameworks */,
				FA909DC32F3BB509007A6918 /* FirebaseInstallations in Frameworks */,
				FA909DC12F3BB509007A6918 /* FirebaseInAppMessaging-Beta in Frameworks */,
				FA909DB72F3BB509007A6918 /* FirebaseAuth in Frameworks */,
				FA909DB92F3BB509007A6918 /* FirebaseCore in Frameworks */,
				FA909DC72F3BB509007A6918 /* FirebaseStorage in Frameworks */,
				FA909DB52F3BB509007A6918 /* FirebaseAnalyticsCore in Frameworks */,
				FA909DBD2F3BB509007A6918 /* FirebaseFirestore in Frameworks */,
			);
			runOnlyForDeploymentPostprocessing = 0;
		};
/* End PBXFrameworksBuildPhase section */

/* Begin PBXGroup section */
		5F32C7BA2F3B4BFD00CFF0AB = {
			isa = PBXGroup;
			children = (
				5F32C7C52F3B4BFD00CFF0AB /* ArabicStories */,
				5F32C7C42F3B4BFD00CFF0AB /* Products */,
			);
			sourceTree = "<group>";
		};
		5F32C7C42F3B4BFD00CFF0AB /* Products */ = {
			isa = PBXGroup;
			children = (
				5F32C7C32F3B4BFD00CFF0AB /* ArabicStories.app */,
			);
			name = Products;
			sourceTree = "<group>";
		};
/* End PBXGroup section */

/* Begin PBXNativeTarget section */
		5F32C7C22F3B4BFD00CFF0AB /* ArabicStories */ = {
			isa = PBXNativeTarget;
			buildConfigurationList = 5F32C7CE2F3B4BFE00CFF0AB /* Build configuration list for PBXNativeTarget "ArabicStories" */;
			buildPhases = (
				5F32C7BF2F3B4BFD00CFF0AB /* Sources */,
				5F32C7C02F3B4BFD00CFF0AB /* Frameworks */,
				5F32C7C12F3B4BFD00CFF0AB /* Resources */,
			);
			buildRules = (
			);
			dependencies = (
			);
			fileSystemSynchronizedGroups = (
				5F32C7C52F3B4BFD00CFF0AB /* ArabicStories */,
			);
			name = ArabicStories;
			packageProductDependencies = (
				FA909DB22F3BB509007A6918 /* FirebaseAnalytics */,
				FA909DB42F3BB509007A6918 /* FirebaseAnalyticsCore */,
				FA909DB62F3BB509007A6918 /* FirebaseAuth */,
				FA909DB82F3BB509007A6918 /* FirebaseCore */,
				FA909DBA2F3BB509007A6918 /* FirebaseDatabase */,
				FA909DBC2F3BB509007A6918 /* FirebaseFirestore */,
				FA909DBE2F3BB509007A6918 /* FirebaseFunctions */,
				FA909DC02F3BB509007A6918 /* FirebaseInAppMessaging-Beta */,
				FA909DC22F3BB509007A6918 /* FirebaseInstallations */,
				FA909DC42F3BB509007A6918 /* FirebaseMessaging */,
				FA909DC62F3BB509007A6918 /* FirebaseStorage */,
			);
			productName = ArabicStories;
			productReference = 5F32C7C32F3B4BFD00CFF0AB /* ArabicStories.app */;
			productType = "com.apple.product-type.application";
		};
/* End PBXNativeTarget section */

/* Begin PBXProject section */
		5F32C7BB2F3B4BFD00CFF0AB /* Project object */ = {
			isa = PBXProject;
			attributes = {
				BuildIndependentTargetsInParallel = 1;
				LastSwiftUpdateCheck = 2620;
				LastUpgradeCheck = 2620;
				TargetAttributes = {
					5F32C7C22F3B4BFD00CFF0AB = {
						CreatedOnToolsVersion = 26.2;
					};
				};
			};
			buildConfigurationList = 5F32C7BE2F3B4BFD00CFF0AB /* Build configuration list for PBXProject "ArabicStories" */;
			developmentRegion = en;
			hasScannedForEncodings = 0;
			knownRegions = (
				en,
				Base,
			);
			mainGroup = 5F32C7BA2F3B4BFD00CFF0AB;
			minimizedProjectReferenceProxies = 1;
			packageReferences = (
				FA909DB12F3BB509007A6918 /* XCRemoteSwiftPackageReference "firebase-ios-sdk" */,
			);
			preferredProjectObjectVersion = 77;
			productRefGroup = 5F32C7C42F3B4BFD00CFF0AB /* Products */;
			projectDirPath = "";
			projectRoot = "";
			targets = (
				5F32C7C22F3B4BFD00CFF0AB /* ArabicStories */,
			);
		};
/* End PBXProject section */

/* Begin PBXResourcesBuildPhase section */
		5F32C7C12F3B4BFD00CFF0AB /* Resources */ = {
			isa = PBXResourcesBuildPhase;
			buildActionMask = 2147483647;
			files = (
			);
			runOnlyForDeploymentPostprocessing = 0;
		};
/* End PBXResourcesBuildPhase section */

/* Begin PBXSourcesBuildPhase section */
		5F32C7BF2F3B4BFD00CFF0AB /* Sources */ = {
			isa = PBXSourcesBuildPhase;
			buildActionMask = 2147483647;
			files = (
			);
			runOnlyForDeploymentPostprocessing = 0;
		};
/* End PBXSourcesBuildPhase section */

/* Begin XCBuildConfiguration section */
		5F32C7CC2F3B4BFE00CFF0AB /* Debug */ = {
			isa = XCBuildConfiguration;
			buildSettings = {
				ALWAYS_SEARCH_USER_PATHS = NO;
				ASSETCATALOG_COMPILER_GENERATE_SWIFT_ASSET_SYMBOL_EXTENSIONS = YES;
				CLANG_ANALYZER_NONNULL = YES;
				CLANG_ANALYZER_NUMBER_OBJECT_CONVERSION = YES_AGGRESSIVE;
				CLANG_CXX_LANGUAGE_STANDARD = "gnu++20";
				CLANG_ENABLE_MODULES = YES;
				CLANG_ENABLE_OBJC_ARC = YES;
				CLANG_ENABLE_OBJC_WEAK = YES;
				CLANG_WARN_BLOCK_CAPTURE_AUTORELEASING = YES;
				CLANG_WARN_BOOL_CONVERSION = YES;
				CLANG_WARN_COMMA = YES;
				CLANG_WARN_CONSTANT_CONVERSION = YES;
				CLANG_WARN_DEPRECATED_OBJC_IMPLEMENTATIONS = YES;
				CLANG_WARN_DIRECT_OBJC_ISA_USAGE = YES_ERROR;
				CLANG_WARN_DOCUMENTATION_COMMENTS = YES;
				CLANG_WARN_EMPTY_BODY = YES;
				CLANG_WARN_ENUM_CONVERSION = YES;
				CLANG_WARN_INFINITE_RECURSION = YES;
				CLANG_WARN_INT_CONVERSION = YES;
				CLANG_WARN_NON_LITERAL_NULL_CONVERSION = YES;
				CLANG_WARN_OBJC_IMPLICIT_RETAIN_SELF = YES;
				CLANG_WARN_OBJC_LITERAL_CONVERSION = YES;
				CLANG_WARN_OBJC_ROOT_CLASS = YES_ERROR;
				CLANG_WARN_QUOTED_INCLUDE_IN_FRAMEWORK_HEADER = YES;
				CLANG_WARN_RANGE_LOOP_ANALYSIS = YES;
				CLANG_WARN_STRICT_PROTOTYPES = YES;
				CLANG_WARN_SUSPICIOUS_MOVE = YES;
				CLANG_WARN_UNGUARDED_AVAILABILITY = YES_AGGRESSIVE;
				CLANG_WARN_UNREACHABLE_CODE = YES;
				CLANG_WARN__DUPLICATE_METHOD_MATCH = YES;
				COPY_PHASE_STRIP = NO;
				DEBUG_INFORMATION_FORMAT = dwarf;
				DEVELOPMENT_TEAM = TDTJJT9YLY;
				ENABLE_STRICT_OBJC_MSGSEND = YES;
				ENABLE_TESTABILITY = YES;
				ENABLE_USER_SCRIPT_SANDBOXING = YES;
				GCC_C_LANGUAGE_STANDARD = gnu17;
				GCC_DYNAMIC_NO_PIC = NO;
				GCC_NO_COMMON_BLOCKS = YES;
				GCC_OPTIMIZATION_LEVEL = 0;
				GCC_PREPROCESSOR_DEFINITIONS = (
					"DEBUG=1",
					"$(inherited)",
				);
				GCC_WARN_64_TO_32_BIT_CONVERSION = YES;
				GCC_WARN_ABOUT_RETURN_TYPE = YES_ERROR;
				GCC_WARN_UNDECLARED_SELECTOR = YES;
				GCC_WARN_UNINITIALIZED_AUTOS = YES_AGGRESSIVE;
				GCC_WARN_UNUSED_FUNCTION = YES;
				GCC_WARN_UNUSED_VARIABLE = YES;
				IPHONEOS_DEPLOYMENT_TARGET = 17.0;
				LOCALIZATION_PREFERS_STRING_CATALOGS = YES;
				MTL_ENABLE_DEBUG_INFO = INCLUDE_SOURCE;
				MTL_FAST_MATH = YES;
				ONLY_ACTIVE_ARCH = YES;
				SDKROOT = iphoneos;
				SWIFT_ACTIVE_COMPILATION_CONDITIONS = "DEBUG $(inherited)";
				SWIFT_OPTIMIZATION_LEVEL = "-Onone";
			};
			name = Debug;
		};
		5F32C7CD2F3B4BFE00CFF0AB /* Release */ = {
			isa = XCBuildConfiguration;
			buildSettings = {
				ALWAYS_SEARCH_USER_PATHS = NO;
				ASSETCATALOG_COMPILER_GENERATE_SWIFT_ASSET_SYMBOL_EXTENSIONS = YES;
				CLANG_ANALYZER_NONNULL = YES;
				CLANG_ANALYZER_NUMBER_OBJECT_CONVERSION = YES_AGGRESSIVE;
				CLANG_CXX_LANGUAGE_STANDARD = "gnu++20";
				CLANG_ENABLE_MODULES = YES;
				CLANG_ENABLE_OBJC_ARC = YES;
				CLANG_ENABLE_OBJC_WEAK = YES;
				CLANG_WARN_BLOCK_CAPTURE_AUTORELEASING = YES;
				CLANG_WARN_BOOL_CONVERSION = YES;
				CLANG_WARN_COMMA = YES;
				CLANG_WARN_CONSTANT_CONVERSION = YES;
				CLANG_WARN_DEPRECATED_OBJC_IMPLEMENTATIONS = YES;
				CLANG_WARN_DIRECT_OBJC_ISA_USAGE = YES_ERROR;
				CLANG_WARN_DOCUMENTATION_COMMENTS = YES;
				CLANG_WARN_EMPTY_BODY = YES;
				CLANG_WARN_ENUM_CONVERSION = YES;
				CLANG_WARN_INFINITE_RECURSION = YES;
				CLANG_WARN_INT_CONVERSION = YES;
				CLANG_WARN_NON_LITERAL_NULL_CONVERSION = YES;
				CLANG_WARN_OBJC_IMPLICIT_RETAIN_SELF = YES;
				CLANG_WARN_OBJC_LITERAL_CONVERSION = YES;
				CLANG_WARN_OBJC_ROOT_CLASS = YES_ERROR;
				CLANG_WARN_QUOTED_INCLUDE_IN_FRAMEWORK_HEADER = YES;
				CLANG_WARN_RANGE_LOOP_ANALYSIS = YES;
				CLANG_WARN_STRICT_PROTOTYPES = YES;
				CLANG_WARN_SUSPICIOUS_MOVE = YES;
				CLANG_WARN_UNGUARDED_AVAILABILITY = YES_AGGRESSIVE;
				CLANG_WARN_UNREACHABLE_CODE = YES;
				CLANG_WARN__DUPLICATE_METHOD_MATCH = YES;
				COPY_PHASE_STRIP = NO;
				DEBUG_INFORMATION_FORMAT = "dwarf-with-dsym";
				DEVELOPMENT_TEAM = TDTJJT9YLY;
				ENABLE_NS_ASSERTIONS = NO;
				ENABLE_STRICT_OBJC_MSGSEND = YES;
				ENABLE_USER_SCRIPT_SANDBOXING = YES;
				GCC_C_LANGUAGE_STANDARD = gnu17;
				GCC_NO_COMMON_BLOCKS = YES;
				GCC_WARN_64_TO_32_BIT_CONVERSION = YES;
				GCC_WARN_ABOUT_RETURN_TYPE = YES_ERROR;
				GCC_WARN_UNDECLARED_SELECTOR = YES;
				GCC_WARN_UNINITIALIZED_AUTOS = YES_AGGRESSIVE;
				GCC_WARN_UNUSED_FUNCTION = YES;
				GCC_WARN_UNUSED_VARIABLE = YES;
				IPHONEOS_DEPLOYMENT_TARGET = 17.0;
				LOCALIZATION_PREFERS_STRING_CATALOGS = YES;
				MTL_ENABLE_DEBUG_INFO = NO;
				MTL_FAST_MATH = YES;
				SDKROOT = iphoneos;
				SWIFT_COMPILATION_MODE = wholemodule;
				VALIDATE_PRODUCT = YES;
			};
			name = Release;
		};
		5F32C7CF2F3B4BFE00CFF0AB /* Debug */ = {
			isa = XCBuildConfiguration;
			buildSettings = {
				ASSETCATALOG_COMPILER_APPICON_NAME = AppIcon;
				ASSETCATALOG_COMPILER_GLOBAL_ACCENT_COLOR_NAME = AccentColor;
				CODE_SIGN_ENTITLEMENTS = ArabicStories/ArabicStories.entitlements;
				CODE_SIGN_STYLE = Automatic;
				CURRENT_PROJECT_VERSION = 1;
				DEVELOPMENT_TEAM = TDTJJT9YLY;
				ENABLE_PREVIEWS = YES;
				GENERATE_INFOPLIST_FILE = YES;
				INFOPLIST_KEY_ITSAppUsesNonExemptEncryption = NO;
				INFOPLIST_KEY_UIApplicationSceneManifest_Generation = YES;
				INFOPLIST_KEY_UIApplicationSupportsIndirectInputEvents = YES;
				INFOPLIST_KEY_UILaunchScreen_Generation = YES;
				INFOPLIST_KEY_UISupportedInterfaceOrientations_iPad = "UIInterfaceOrientationPortrait UIInterfaceOrientationPortraitUpsideDown UIInterfaceOrientationLandscapeLeft UIInterfaceOrientationLandscapeRight";
				INFOPLIST_KEY_UISupportedInterfaceOrientations_iPhone = "UIInterfaceOrientationPortrait UIInterfaceOrientationLandscapeLeft UIInterfaceOrientationLandscapeRight";
				IPHONEOS_DEPLOYMENT_TARGET = 17.0;
				LD_RUNPATH_SEARCH_PATHS = (
					"$(inherited)",
					"@executable_path/Frameworks",
				);
				MARKETING_VERSION = 1.0;
				PRODUCT_BUNDLE_IDENTIFIER = com.volutiontech.ArabicStories;
				PRODUCT_NAME = "$(TARGET_NAME)";
				STRING_CATALOG_GENERATE_SYMBOLS = YES;
				SWIFT_APPROACHABLE_CONCURRENCY = YES;
				SWIFT_DEFAULT_ACTOR_ISOLATION = MainActor;
				SWIFT_EMIT_LOC_STRINGS = YES;
				SWIFT_UPCOMING_FEATURE_MEMBER_IMPORT_VISIBILITY = YES;
				SWIFT_VERSION = 5.0;
				TARGETED_DEVICE_FAMILY = "1,2";
			};
			name = Debug;
		};
		5F32C7D02F3B4BFE00CFF0AB /* Release */ = {
			isa = XCBuildConfiguration;
			buildSettings = {
				ASSETCATALOG_COMPILER_APPICON_NAME = AppIcon;
				ASSETCATALOG_COMPILER_GLOBAL_ACCENT_COLOR_NAME = AccentColor;
				CODE_SIGN_ENTITLEMENTS = ArabicStories/ArabicStories.entitlements;
				CODE_SIGN_STYLE = Automatic;
				CURRENT_PROJECT_VERSION = 1;
				DEVELOPMENT_TEAM = TDTJJT9YLY;
				ENABLE_PREVIEWS = YES;
				GENERATE_INFOPLIST_FILE = YES;
				INFOPLIST_KEY_ITSAppUsesNonExemptEncryption = NO;
				INFOPLIST_KEY_UIApplicationSceneManifest_Generation = YES;
				INFOPLIST_KEY_UIApplicationSupportsIndirectInputEvents = YES;
				INFOPLIST_KEY_UILaunchScreen_Generation = YES;
				INFOPLIST_KEY_UISupportedInterfaceOrientations_iPad = "UIInterfaceOrientationPortrait UIInterfaceOrientationPortraitUpsideDown UIInterfaceOrientationLandscapeLeft UIInterfaceOrientationLandscapeRight";
				INFOPLIST_KEY_UISupportedInterfaceOrientations_iPhone = "UIInterfaceOrientationPortrait UIInterfaceOrientationLandscapeLeft UIInterfaceOrientationLandscapeRight";
				IPHONEOS_DEPLOYMENT_TARGET = 17.0;
				LD_RUNPATH_SEARCH_PATHS = (
					"$(inherited)",
					"@executable_path/Frameworks",
				);
				MARKETING_VERSION = 1.0;
				PRODUCT_BUNDLE_IDENTIFIER = com.volutiontech.ArabicStories;
				PRODUCT_NAME = "$(TARGET_NAME)";
				STRING_CATALOG_GENERATE_SYMBOLS = YES;
				SWIFT_APPROACHABLE_CONCURRENCY = YES;
				SWIFT_DEFAULT_ACTOR_ISOLATION = MainActor;
				SWIFT_EMIT_LOC_STRINGS = YES;
				SWIFT_UPCOMING_FEATURE_MEMBER_IMPORT_VISIBILITY = YES;
				SWIFT_VERSION = 5.0;
				TARGETED_DEVICE_FAMILY = "1,2";
			};
			name = Release;
		};
/* End XCBuildConfiguration section */

/* Begin XCConfigurationList section */
		5F32C7BE2F3B4BFD00CFF0AB /* Build configuration list for PBXProject "ArabicStories" */ = {
			isa = XCConfigurationList;
			buildConfigurations = (
				5F32C7CC2F3B4BFE00CFF0AB /* Debug */,
				5F32C7CD2F3B4BFE00CFF0AB /* Release */,
			);
			defaultConfigurationIsVisible = 0;
			defaultConfigurationName = Release;
		};
		5F32C7CE2F3B4BFE00CFF0AB /* Build configuration list for PBXNativeTarget "ArabicStories" */ = {
			isa = XCConfigurationList;
			buildConfigurations = (
				5F32C7CF2F3B4BFE00CFF0AB /* Debug */,
				5F32C7D02F3B4BFE00CFF0AB /* Release */,
			);
			defaultConfigurationIsVisible = 0;
			defaultConfigurationName = Release;
		};
/* End XCConfigurationList section */

/* Begin XCRemoteSwiftPackageReference section */
		FA909DB12F3BB509007A6918 /* XCRemoteSwiftPackageReference "firebase-ios-sdk" */ = {
			isa = XCRemoteSwiftPackageReference;
			repositoryURL = "https://github.com/firebase/firebase-ios-sdk.git";
			requirement = {
				kind = upToNextMajorVersion;
				minimumVersion = 12.9.0;
			};
		};
/* End XCRemoteSwiftPackageReference section */

/* Begin XCSwiftPackageProductDependency section */
		FA909DB22F3BB509007A6918 /* FirebaseAnalytics */ = {
			isa = XCSwiftPackageProductDependency;
			package = FA909DB12F3BB509007A6918 /* XCRemoteSwiftPackageReference "firebase-ios-sdk" */;
			productName = FirebaseAnalytics;
		};
		FA909DB42F3BB509007A6918 /* FirebaseAnalyticsCore */ = {
			isa = XCSwiftPackageProductDependency;
			package = FA909DB12F3BB509007A6918 /* XCRemoteSwiftPackageReference "firebase-ios-sdk" */;
			productName = FirebaseAnalyticsCore;
		};
		FA909DB62F3BB509007A6918 /* FirebaseAuth */ = {
			isa = XCSwiftPackageProductDependency;
			package = FA909DB12F3BB509007A6918 /* XCRemoteSwiftPackageReference "firebase-ios-sdk" */;
			productName = FirebaseAuth;
		};
		FA909DB82F3BB509007A6918 /* FirebaseCore */ = {
			isa = XCSwiftPackageProductDependency;
			package = FA909DB12F3BB509007A6918 /* XCRemoteSwiftPackageReference "firebase-ios-sdk" */;
			productName = FirebaseCore;
		};
		FA909DBA2F3BB509007A6918 /* FirebaseDatabase */ = {
			isa = XCSwiftPackageProductDependency;
			package = FA909DB12F3BB509007A6918 /* XCRemoteSwiftPackageReference "firebase-ios-sdk" */;
			productName = FirebaseDatabase;
		};
		FA909DBC2F3BB509007A6918 /* FirebaseFirestore */ = {
			isa = XCSwiftPackageProductDependency;
			package = FA909DB12F3BB509007A6918 /* XCRemoteSwiftPackageReference "firebase-ios-sdk" */;
			productName = FirebaseFirestore;
		};
		FA909DBE2F3BB509007A6918 /* FirebaseFunctions */ = {
			isa = XCSwiftPackageProductDependency;
			package = FA909DB12F3BB509007A6918 /* XCRemoteSwiftPackageReference "firebase-ios-sdk" */;
			productName = FirebaseFunctions;
		};
		FA909DC02F3BB509007A6918 /* FirebaseInAppMessaging-Beta */ = {
			isa = XCSwiftPackageProductDependency;
			package = FA909DB12F3BB509007A6918 /* XCRemoteSwiftPackageReference "firebase-ios-sdk" */;
			productName = "FirebaseInAppMessaging-Beta";
		};
		FA909DC22F3BB509007A6918 /* FirebaseInstallations */ = {
			isa = XCSwiftPackageProductDependency;
			package = FA909DB12F3BB509007A6918 /* XCRemoteSwiftPackageReference "firebase-ios-sdk" */;
			productName = FirebaseInstallations;
		};
		FA909DC42F3BB509007A6918 /* FirebaseMessaging */ = {
			isa = XCSwiftPackageProductDependency;
			package = FA909DB12F3BB509007A6918 /* XCRemoteSwiftPackageReference "firebase-ios-sdk" */;
			productName = FirebaseMessaging;
		};
		FA909DC62F3BB509007A6918 /* FirebaseStorage */ = {
			isa = XCSwiftPackageProductDependency;
			package = FA909DB12F3BB509007A6918 /* XCRemoteSwiftPackageReference "firebase-ios-sdk" */;
			productName = FirebaseStorage;
		};
/* End XCSwiftPackageProductDependency section */
	};
	rootObject = 5F32C7BB2F3B4BFD00CFF0AB /* Project object */;
}
